// !$*UTF8*$!
{
	archiveVersion = 1;
	classes = {
	};
	objectVersion = 56;
	objects = {

/* Begin PBXBuildFile section */
		2DCD640C3042B586008C3EDF /* FirebaseAuth in Frameworks */ = {isa = PBXBuildFile; productRef = 2DCD640B3042B586008C3EDF /* FirebaseAuth */; };
		2DCD640E3042B9AC008C3EDF /* GoogleService-Info.plist in Resources */ = {isa = PBXBuildFile; fileRef = 2DCD640D3042B9AC008C3EDF /* GoogleService-Info.plist */; };
		2DCD64113042C5EC008C3EDF /* AuthService.swift in Sources */ = {isa = PBXBuildFile; fileRef = 2DCD64103042C5EC008C3EDF /* AuthService.swift */; };
		2DCD64133042C6B0008C3EDF /* LoginView.swift in Sources */ = {isa = PBXBuildFile; fileRef = 2DCD64123042C6B0008C3EDF /* LoginView.swift */; };
		2DCD64163042E6AB008C3EDF /* VerifyCodeView.swift in Sources */ = {isa = PBXBuildFile; fileRef = 2DCD64143042C748008C3EDF /* VerifyCodeView.swift */; };
		2DCD64193043156B008C3EDF /* SwiftUIView.swift in Sources */ = {isa = PBXBuildFile; fileRef = 2DCD64183043156B008C3EDF /* SwiftUIView.swift */; };
		2DCD641B304315F2008C3EDF /* SwiftUIView2.swift in Sources */ = {isa = PBXBuildFile; fileRef = 2DCD641A304315F2008C3EDF /* SwiftUIView2.swift */; };
		2DDF19813040E2520022AC3D /* FAZAAApp.swift in Sources */ = {isa = PBXBuildFile; fileRef = 2DDF19803040E2520022AC3D /* FAZAAApp.swift */; };
		2DDF19853040E2570022AC3D /* Assets.xcassets in Resources */ = {isa = PBXBuildFile; fileRef = 2DDF19843040E2570022AC3D /* Assets.xcassets */; };
		2DDF19893040E2570022AC3D /* Preview Assets.xcassets in Resources */ = {isa = PBXBuildFile; fileRef = 2DDF19883040E2570022AC3D /* Preview Assets.xcassets */; };
		2DDF19933040E2580022AC3D /* FAZAATests.swift in Sources */ = {isa = PBXBuildFile; fileRef = 2DDF19923040E2580022AC3D /* FAZAATests.swift */; };
		2DDF199D3040E2580022AC3D /* FAZAAUITests.swift in Sources */ = {isa = PBXBuildFile; fileRef = 2DDF199C3040E2580022AC3D /* FAZAAUITests.swift */; };
		2DDF199F3040E2580022AC3D /* FAZAAUITestsLaunchTests.swift in Sources */ = {isa = PBXBuildFile; fileRef = 2DDF199E3040E2580022AC3D /* FAZAAUITestsLaunchTests.swift */; };
		2DDF19CE3040E37F0022AC3D /* FazaaVetApp.swift in Sources */ = {isa = PBXBuildFile; fileRef = 2DDF19AC3040E37E0022AC3D /* FazaaVetApp.swift */; };
		2DDF19CF3040E37F0022AC3D /* VeterinaryProduct.swift in Sources */ = {isa = PBXBuildFile; fileRef = 2DDF19AE3040E37E0022AC3D /* VeterinaryProduct.swift */; };
		2DDF19D03040E37F0022AC3D /* Veterinarian.swift in Sources */ = {isa = PBXBuildFile; fileRef = 2DDF19AF3040E37E0022AC3D /* Veterinarian.swift */; };
		2DDF19D13040E37F0022AC3D /* Consultation.swift in Sources */ = {isa = PBXBuildFile; fileRef = 2DDF19B03040E37E0022AC3D /* Consultation.swift */; };
		2DDF19D23040E37F0022AC3D /* VeterinaryCourse.swift in Sources */ = {isa = PBXBuildFile; fileRef = 2DDF19B13040E37E0022AC3D /* VeterinaryCourse.swift */; };
		2DDF19D33040E37F0022AC3D /* Pet.swift in Sources */ = {isa = PBXBuildFile; fileRef = 2DDF19B23040E37E0022AC3D /* Pet.swift */; };
		2DDF19D43040E37F0022AC3D /* Pharmacy.swift in Sources */ = {isa = PBXBuildFile; fileRef = 2DDF19B33040E37E0022AC3D /* Pharmacy.swift */; };
		2DDF19D53040E37F0022AC3D /* VaccinationGuide.swift in Sources */ = {isa = PBXBuildFile; fileRef = 2DDF19B43040E37E0022AC3D /* VaccinationGuide.swift */; };
		2DDF19D63040E37F0022AC3D /* FazaaTheme.swift in Sources */ = {isa = PBXBuildFile; fileRef = 2DDF19B63040E37E0022AC3D /* FazaaTheme.swift */; };
		2DDF19D73040E37F0022AC3D /* VaccinationsView.swift in Sources */ = {isa = PBXBuildFile; fileRef = 2DDF19B83040E37E0022AC3D /* VaccinationsView.swift */; };
		2DDF19D83040E37F0022AC3D /* CoursesView.swift in Sources */ = {isa = PBXBuildFile; fileRef = 2DDF19B93040E37E0022AC3D /* CoursesView.swift */; };
		2DDF19D93040E37F0022AC3D /* ProfileView.swift in Sources */ = {isa = PBXBuildFile; fileRef = 2DDF19BA3040E37E0022AC3D /* ProfileView.swift */; };
		2DDF19DA3040E37F0022AC3D /* ConsultationsView.swift in Sources */ = {isa = PBXBuildFile; fileRef = 2DDF19BB3040E37E0022AC3D /* ConsultationsView.swift */; };
		2DDF19DB3040E37F0022AC3D /* PharmaciesView.swift in Sources */ = {isa = PBXBuildFile; fileRef = 2DDF19BC3040E37E0022AC3D /* PharmaciesView.swift */; };
		2DDF19DD3040E37F0022AC3D /* BookConsultationView.swift in Sources */ = {isa = PBXBuildFile; fileRef = 2DDF19BE3040E37E0022AC3D /* BookConsultationView.swift */; };
		2DDF19DE3040E37F0022AC3D /* AddPetView.swift in Sources */ = {isa = PBXBuildFile; fileRef = 2DDF19BF3040E37E0022AC3D /* AddPetView.swift */; };
		2DDF19DF3040E37F0022AC3D /* HomeView.swift in Sources */ = {isa = PBXBuildFile; fileRef = 2DDF19C03040E37E0022AC3D /* HomeView.swift */; };
		2DDF19E03040E37F0022AC3D /* RootView.swift in Sources */ = {isa = PBXBuildFile; fileRef = 2DDF19C13040E37E0022AC3D /* RootView.swift */; };
		2DDF19E13040E37F0022AC3D /* HomeCard.swift in Sources */ = {isa = PBXBuildFile; fileRef = 2DDF19C33040E37E0022AC3D /* HomeCard.swift */; };
		2DDF19E23040E37F0022AC3D /* InfoRow.swift in Sources */ = {isa = PBXBuildFile; fileRef = 2DDF19C43040E37E0022AC3D /* InfoRow.swift */; };
		2DDF19E33040E37F0022AC3D /* ProductDetailView.swift in Sources */ = {isa = PBXBuildFile; fileRef = 2DDF19C53040E37E0022AC3D /* ProductDetailView.swift */; };
		2DDF19E43040E37F0022AC3D /* PetsView.swift in Sources */ = {isa = PBXBuildFile; fileRef = 2DDF19C63040E37E0022AC3D /* PetsView.swift */; };
		2DDF19E53040E37F0022AC3D /* VeterinarianDetailView.swift in Sources */ = {isa = PBXBuildFile; fileRef = 2DDF19C73040E37E0022AC3D /* VeterinarianDetailView.swift */; };
		2DDF19E63040E37F0022AC3D /* VeterinariansView.swift in Sources */ = {isa = PBXBuildFile; fileRef = 2DDF19C83040E37E0022AC3D /* VeterinariansView.swift */; };
		2DDF19E73040E37F0022AC3D /* PetDetailView.swift in Sources */ = {isa = PBXBuildFile; fileRef = 2DDF19C93040E37E0022AC3D /* PetDetailView.swift */; };
		2DDF19E83040E37F0022AC3D /* VeterinaryInformationView.swift in Sources */ = {isa = PBXBuildFile; fileRef = 2DDF19CA3040E37E0022AC3D /* VeterinaryInformationView.swift */; };
		2DDF19E93040E37F0022AC3D /* MockFazaaRepository.swift in Sources */ = {isa = PBXBuildFile; fileRef = 2DDF19CC3040E37E0022AC3D /* MockFazaaRepository.swift */; };
		2DDF19EA3040E37F0022AC3D /* PaymentService.swift in Sources */ = {isa = PBXBuildFile; fileRef = 2DDF19CD3040E37E0022AC3D /* PaymentService.swift */; };
		B018732ADD436C4189DFE816 /* PharmacyDetailView.swift in Sources */ = {isa = PBXBuildFile; fileRef = BAF7AEEE6708354249D39E89 /* PharmacyDetailView.swift */; };
		D08710832AE38C46B5F56D6E /* EmergencyView.swift in Sources */ = {isa = PBXBuildFile; fileRef = 5338236351BB695101156E57 /* EmergencyView.swift */; };
/* End PBXBuildFile section */

/* Begin PBXContainerItemProxy section */
		2DDF198F3040E2580022AC3D /* PBXContainerItemProxy */ = {
			isa = PBXContainerItemProxy;
			containerPortal = 2DDF19753040E2520022AC3D /* Project object */;
			proxyType = 1;
			remoteGlobalIDString = 2DDF197C3040E2520022AC3D;
			remoteInfo = FAZAA;
		};
		2DDF19993040E2580022AC3D /* PBXContainerItemProxy */ = {
			isa = PBXContainerItemProxy;
			containerPortal = 2DDF19753040E2520022AC3D /* Project object */;
			proxyType = 1;
			remoteGlobalIDString = 2DDF197C3040E2520022AC3D;
			remoteInfo = FAZAA;
		};
/* End PBXContainerItemProxy section */

/* Begin PBXFileReference section */
		2DCD640D3042B9AC008C3EDF /* GoogleService-Info.plist */ = {isa = PBXFileReference; lastKnownFileType = text.plist; path = "GoogleService-Info.plist"; sourceTree = SOURCE_ROOT; };
		2DCD640F3042C4C0008C3EDF /* Info.plist */ = {isa = PBXFileReference; lastKnownFileType = text.plist; path = Info.plist; sourceTree = "<group>"; };
		2DCD64103042C5EC008C3EDF /* AuthService.swift */ = {isa = PBXFileReference; lastKnownFileType = sourcecode.swift; path = AuthService.swift; sourceTree = "<group>"; };
		2DCD64123042C6B0008C3EDF /* LoginView.swift */ = {isa = PBXFileReference; lastKnownFileType = sourcecode.swift; path = LoginView.swift; sourceTree = "<group>"; };
		2DCD64143042C748008C3EDF /* VerifyCodeView.swift */ = {isa = PBXFileReference; lastKnownFileType = sourcecode.swift; path = VerifyCodeView.swift; sourceTree = "<group>"; };
		2DCD64183043156B008C3EDF /* SwiftUIView.swift */ = {isa = PBXFileReference; lastKnownFileType = sourcecode.swift; path = SwiftUIView.swift; sourceTree = "<group>"; };
		2DCD641A304315F2008C3EDF /* SwiftUIView2.swift */ = {isa = PBXFileReference; lastKnownFileType = sourcecode.swift; path = SwiftUIView2.swift; sourceTree = "<group>"; };
		2DDF197D3040E2520022AC3D /* FAZAA.app */ = {isa = PBXFileReference; explicitFileType = wrapper.application; includeInIndex = 0; path = FAZAA.app; sourceTree = BUILT_PRODUCTS_DIR; };
		2DDF19803040E2520022AC3D /* FAZAAApp.swift */ = {isa = PBXFileReference; lastKnownFileType = sourcecode.swift; path = FAZAAApp.swift; sourceTree = "<group>"; };
		2DDF19843040E2570022AC3D /* Assets.xcassets */ = {isa = PBXFileReference; lastKnownFileType = folder.assetcatalog; path = Assets.xcassets; sourceTree = "<group>"; };
		2DDF19863040E2570022AC3D /* FAZAA.entitlements */ = {isa = PBXFileReference; lastKnownFileType = text.plist.entitlements; path = FAZAA.entitlements; sourceTree = "<group>"; };
		2DDF19883040E2570022AC3D /* Preview Assets.xcassets */ = {isa = PBXFileReference; lastKnownFileType = folder.assetcatalog; path = "Preview Assets.xcassets"; sourceTree = "<group>"; };
		2DDF198E3040E2580022AC3D /* FAZAATests.xctest */ = {isa = PBXFileReference; explicitFileType = wrapper.cfbundle; includeInIndex = 0; path = FAZAATests.xctest; sourceTree = BUILT_PRODUCTS_DIR; };
		2DDF19923040E2580022AC3D /* FAZAATests.swift */ = {isa = PBXFileReference; lastKnownFileType = sourcecode.swift; path = FAZAATests.swift; sourceTree = "<group>"; };
		2DDF19983040E2580022AC3D /* FAZAAUITests.xctest */ = {isa = PBXFileReference; explicitFileType = wrapper.cfbundle; includeInIndex = 0; path = FAZAAUITests.xctest; sourceTree = BUILT_PRODUCTS_DIR; };
		2DDF199C3040E2580022AC3D /* FAZAAUITests.swift */ = {isa = PBXFileReference; lastKnownFileType = sourcecode.swift; path = FAZAAUITests.swift; sourceTree = "<group>"; };
		2DDF199E3040E2580022AC3D /* FAZAAUITestsLaunchTests.swift */ = {isa = PBXFileReference; lastKnownFileType = sourcecode.swift; path = FAZAAUITestsLaunchTests.swift; sourceTree = "<group>"; };
		2DDF19AC3040E37E0022AC3D /* FazaaVetApp.swift */ = {isa = PBXFileReference; fileEncoding = 4; lastKnownFileType = sourcecode.swift; path = FazaaVetApp.swift; sourceTree = "<group>"; };
		2DDF19AE3040E37E0022AC3D /* VeterinaryProduct.swift */ = {isa = PBXFileReference; fileEncoding = 4; lastKnownFileType = sourcecode.swift; path = VeterinaryProduct.swift; sourceTree = "<group>"; };
		2DDF19AF3040E37E0022AC3D /* Veterinarian.swift */ = {isa = PBXFileReference; fileEncoding = 4; lastKnownFileType = sourcecode.swift; path = Veterinarian.swift; sourceTree = "<group>"; };
		2DDF19B03040E37E0022AC3D /* Consultation.swift */ = {isa = PBXFileReference; fileEncoding = 4; lastKnownFileType = sourcecode.swift; path = Consultation.swift; sourceTree = "<group>"; };
		2DDF19B13040E37E0022AC3D /* VeterinaryCourse.swift */ = {isa = PBXFileReference; fileEncoding = 4; lastKnownFileType = sourcecode.swift; path = VeterinaryCourse.swift; sourceTree = "<group>"; };
		2DDF19B23040E37E0022AC3D /* Pet.swift */ = {isa = PBXFileReference; fileEncoding = 4; lastKnownFileType = sourcecode.swift; path = Pet.swift; sourceTree = "<group>"; };
		2DDF19B33040E37E0022AC3D /* Pharmacy.swift */ = {isa = PBXFileReference; fileEncoding = 4; lastKnownFileType = sourcecode.swift; path = Pharmacy.swift; sourceTree = "<group>"; };
		2DDF19B43040E37E0022AC3D /* VaccinationGuide.swift */ = {isa = PBXFileReference; fileEncoding = 4; lastKnownFileType = sourcecode.swift; path = VaccinationGuide.swift; sourceTree = "<group>"; };
		2DDF19B63040E37E0022AC3D /* FazaaTheme.swift */ = {isa = PBXFileReference; fileEncoding = 4; lastKnownFileType = sourcecode.swift; path = FazaaTheme.swift; sourceTree = "<group>"; };
		2DDF19B83040E37E0022AC3D /* VaccinationsView.swift */ = {isa = PBXFileReference; fileEncoding = 4; lastKnownFileType = sourcecode.swift; path = VaccinationsView.swift; sourceTree = "<group>"; };
		2DDF19B93040E37E0022AC3D /* CoursesView.swift */ = {isa = PBXFileReference; fileEncoding = 4; lastKnownFileType = sourcecode.swift; path = CoursesView.swift; sourceTree = "<group>"; };
		2DDF19BA3040E37E0022AC3D /* ProfileView.swift */ = {isa = PBXFileReference; fileEncoding = 4; lastKnownFileType = sourcecode.swift; path = ProfileView.swift; sourceTree = "<group>"; };
		2DDF19BB3040E37E0022AC3D /* ConsultationsView.swift */ = {isa = PBXFileReference; fileEncoding = 4; lastKnownFileType = sourcecode.swift; path = ConsultationsView.swift; sourceTree = "<group>"; };
		2DDF19BC3040E37E0022AC3D /* PharmaciesView.swift */ = {isa = PBXFileReference; fileEncoding = 4; lastKnownFileType = sourcecode.swift; path = PharmaciesView.swift; sourceTree = "<group>"; };
		2DDF19BE3040E37E0022AC3D /* BookConsultationView.swift */ = {isa = PBXFileReference; fileEncoding = 4; lastKnownFileType = sourcecode.swift; path = BookConsultationView.swift; sourceTree = "<group>"; };
		2DDF19BF3040E37E0022AC3D /* AddPetView.swift */ = {isa = PBXFileReference; fileEncoding = 4; lastKnownFileType = sourcecode.swift; path = AddPetView.swift; sourceTree = "<group>"; };
		2DDF19C03040E37E0022AC3D /* HomeView.swift */ = {isa = PBXFileReference; fileEncoding = 4; lastKnownFileType = sourcecode.swift; path = HomeView.swift; sourceTree = "<group>"; };
		2DDF19C13040E37E0022AC3D /* RootView.swift */ = {isa = PBXFileReference; fileEncoding = 4; lastKnownFileType = sourcecode.swift; path = RootView.swift; sourceTree = "<group>"; };
		2DDF19C33040E37E0022AC3D /* HomeCard.swift */ = {isa = PBXFileReference; fileEncoding = 4; lastKnownFileType = sourcecode.swift; path = HomeCard.swift; sourceTree = "<group>"; };
		2DDF19C43040E37E0022AC3D /* InfoRow.swift */ = {isa = PBXFileReference; fileEncoding = 4; lastKnownFileType = sourcecode.swift; path = InfoRow.swift; sourceTree = "<group>"; };
		2DDF19C53040E37E0022AC3D /* ProductDetailView.swift */ = {isa = PBXFileReference; fileEncoding = 4; lastKnownFileType = sourcecode.swift; path = ProductDetailView.swift; sourceTree = "<group>"; };
		2DDF19C63040E37E0022AC3D /* PetsView.swift */ = {isa = PBXFileReference; fileEncoding = 4; lastKnownFileType = sourcecode.swift; path = PetsView.swift; sourceTree = "<group>"; };
		2DDF19C73040E37E0022AC3D /* VeterinarianDetailView.swift */ = {isa = PBXFileReference; fileEncoding = 4; lastKnownFileType = sourcecode.swift; path = VeterinarianDetailView.swift; sourceTree = "<group>"; };
		2DDF19C83040E37E0022AC3D /* VeterinariansView.swift */ = {isa = PBXFileReference; fileEncoding = 4; lastKnownFileType = sourcecode.swift; path = VeterinariansView.swift; sourceTree = "<group>"; };
		2DDF19C93040E37E0022AC3D /* PetDetailView.swift */ = {isa = PBXFileReference; fileEncoding = 4; lastKnownFileType = sourcecode.swift; path = PetDetailView.swift; sourceTree = "<group>"; };
		2DDF19CA3040E37E0022AC3D /* VeterinaryInformationView.swift */ = {isa = PBXFileReference; fileEncoding = 4; lastKnownFileType = sourcecode.swift; path = VeterinaryInformationView.swift; sourceTree = "<group>"; };
		2DDF19CC3040E37E0022AC3D /* MockFazaaRepository.swift */ = {isa = PBXFileReference; fileEncoding = 4; lastKnownFileType = sourcecode.swift; path = MockFazaaRepository.swift; sourceTree = "<group>"; };
		2DDF19CD3040E37E0022AC3D /* PaymentService.swift */ = {isa = PBXFileReference; fileEncoding = 4; lastKnownFileType = sourcecode.swift; path = PaymentService.swift; sourceTree = "<group>"; };
		5338236351BB695101156E57 /* EmergencyView.swift */ = {isa = PBXFileReference; lastKnownFileType = sourcecode.swift; path = EmergencyView.swift; sourceTree = "<group>"; };
		BAF7AEEE6708354249D39E89 /* PharmacyDetailView.swift */ = {isa = PBXFileReference; lastKnownFileType = sourcecode.swift; path = PharmacyDetailView.swift; sourceTree = "<group>"; };
/* End PBXFileReference section */

/* Begin PBXFrameworksBuildPhase section */
		2DDF197A3040E2520022AC3D /* Frameworks */ = {
			isa = PBXFrameworksBuildPhase;
			buildActionMask = 2147483647;
			files = (
				2DCD640C3042B586008C3EDF /* FirebaseAuth in Frameworks */,
			);
			runOnlyForDeploymentPostprocessing = 0;
		};
		2DDF198B3040E2580022AC3D /* Frameworks */ = {
			isa = PBXFrameworksBuildPhase;
			buildActionMask = 2147483647;
			files = (
			);
			runOnlyForDeploymentPostprocessing = 0;
		};
		2DDF19953040E2580022AC3D /* Frameworks */ = {
			isa = PBXFrameworksBuildPhase;
			buildActionMask = 2147483647;
			files = (
			);
			runOnlyForDeploymentPostprocessing = 0;
		};
/* End PBXFrameworksBuildPhase section */

/* Begin PBXGroup section */
		2DDF19743040E2520022AC3D = {
			isa = PBXGroup;
			children = (
				2DDF197F3040E2520022AC3D /* FAZAA */,
				2DDF19913040E2580022AC3D /* FAZAATests */,
				2DDF199B3040E2580022AC3D /* FAZAAUITests */,
				2DDF197E3040E2520022AC3D /* Products */,
			);
			sourceTree = "<group>";
		};
		2DDF197E3040E2520022AC3D /* Products */ = {
			isa = PBXGroup;
			children = (
				2DDF197D3040E2520022AC3D /* FAZAA.app */,
				2DDF198E3040E2580022AC3D /* FAZAATests.xctest */,
				2DDF19983040E2580022AC3D /* FAZAAUITests.xctest */,
			);
			name = Products;
			sourceTree = "<group>";
		};
		2DDF197F3040E2520022AC3D /* FAZAA */ = {
			isa = PBXGroup;
			children = (
				2DCD640F3042C4C0008C3EDF /* Info.plist */,
				2DDF19803040E2520022AC3D /* FAZAAApp.swift */,
				2DDF19AB3040E37E0022AC3D /* FazaaVet */,
				2DDF19843040E2570022AC3D /* Assets.xcassets */,
				2DDF19863040E2570022AC3D /* FAZAA.entitlements */,
				2DDF19873040E2570022AC3D /* Preview Content */,
			);
			path = FAZAA;
			sourceTree = "<group>";
		};
		2DDF19873040E2570022AC3D /* Preview Content */ = {
			isa = PBXGroup;
			children = (
				2DDF19883040E2570022AC3D /* Preview Assets.xcassets */,
			);
			path = "Preview Content";
			sourceTree = "<group>";
		};
		2DDF19913040E2580022AC3D /* FAZAATests */ = {
			isa = PBXGroup;
			children = (
				2DDF19923040E2580022AC3D /* FAZAATests.swift */,
			);
			path = FAZAATests;
			sourceTree = "<group>";
		};
		2DDF199B3040E2580022AC3D /* FAZAAUITests */ = {
			isa = PBXGroup;
			children = (
				2DDF199C3040E2580022AC3D /* FAZAAUITests.swift */,
				2DDF199E3040E2580022AC3D /* FAZAAUITestsLaunchTests.swift */,
			);
			path = FAZAAUITests;
			sourceTree = "<group>";
		};
		2DDF19AB3040E37E0022AC3D /* FazaaVet */ = {
			isa = PBXGroup;
			children = (
				2DDF19AC3040E37E0022AC3D /* FazaaVetApp.swift */,
				2DCD640D3042B9AC008C3EDF /* GoogleService-Info.plist */,
				2DDF19AD3040E37E0022AC3D /* Models */,
				2DDF19B53040E37E0022AC3D /* Theme */,
				2DDF19B73040E37E0022AC3D /* Views */,
				2DDF19CB3040E37E0022AC3D /* Services */,
			);
			path = FazaaVet;
			sourceTree = "<group>";
		};
		2DDF19AD3040E37E0022AC3D /* Models */ = {
			isa = PBXGroup;
			children = (
				2DDF19AE3040E37E0022AC3D /* VeterinaryProduct.swift */,
				2DDF19AF3040E37E0022AC3D /* Veterinarian.swift */,
				2DDF19B03040E37E0022AC3D /* Consultation.swift */,
				2DDF19B13040E37E0022AC3D /* VeterinaryCourse.swift */,
				2DDF19B23040E37E0022AC3D /* Pet.swift */,
				2DDF19B33040E37E0022AC3D /* Pharmacy.swift */,
				2DDF19B43040E37E0022AC3D /* VaccinationGuide.swift */,
			);
			path = Models;
			sourceTree = "<group>";
		};
		2DDF19B53040E37E0022AC3D /* Theme */ = {
			isa = PBXGroup;
			children = (
				2DDF19B63040E37E0022AC3D /* FazaaTheme.swift */,
			);
			path = Theme;
			sourceTree = "<group>";
		};
		2DDF19B73040E37E0022AC3D /* Views */ = {
			isa = PBXGroup;
			children = (
				2DDF19B83040E37E0022AC3D /* VaccinationsView.swift */,
				2DDF19B93040E37E0022AC3D /* CoursesView.swift */,
				2DDF19BA3040E37E0022AC3D /* ProfileView.swift */,
				2DDF19BB3040E37E0022AC3D /* ConsultationsView.swift */,
				2DDF19BC3040E37E0022AC3D /* PharmaciesView.swift */,
				BAF7AEEE6708354249D39E89 /* PharmacyDetailView.swift */,
				2DDF19BE3040E37E0022AC3D /* BookConsultationView.swift */,
				2DDF19BF3040E37E0022AC3D /* AddPetView.swift */,
				2DDF19C03040E37E0022AC3D /* HomeView.swift */,
				2DDF19C13040E37E0022AC3D /* RootView.swift */,
				2DDF19C23040E37E0022AC3D /* Components */,
				2DDF19C53040E37E0022AC3D /* ProductDetailView.swift */,
				2DDF19C63040E37E0022AC3D /* PetsView.swift */,
				2DDF19C73040E37E0022AC3D /* VeterinarianDetailView.swift */,
				2DDF19C83040E37E0022AC3D /* VeterinariansView.swift */,
				2DDF19C93040E37E0022AC3D /* PetDetailView.swift */,
				2DDF19CA3040E37E0022AC3D /* VeterinaryInformationView.swift */,
				5338236351BB695101156E57 /* EmergencyView.swift */,
				2DCD64123042C6B0008C3EDF /* LoginView.swift */,
				2DCD64143042C748008C3EDF /* VerifyCodeView.swift */,
				2DCD64183043156B008C3EDF /* SwiftUIView.swift */,
				2DCD641A304315F2008C3EDF /* SwiftUIView2.swift */,
			);
			path = Views;
			sourceTree = "<group>";
		};
		2DDF19C23040E37E0022AC3D /* Components */ = {
			isa = PBXGroup;
			children = (
				2DDF19C33040E37E0022AC3D /* HomeCard.swift */,
				2DDF19C43040E37E0022AC3D /* InfoRow.swift */,
			);
			path = Components;
			sourceTree = "<group>";
		};
		2DDF19CB3040E37E0022AC3D /* Services */ = {
			isa = PBXGroup;
			children = (
				2DDF19CC3040E37E0022AC3D /* MockFazaaRepository.swift */,
				2DDF19CD3040E37E0022AC3D /* PaymentService.swift */,
				2DCD64103042C5EC008C3EDF /* AuthService.swift */,
			);
			path = Services;
			sourceTree = "<group>";
		};
/* End PBXGroup section */

/* Begin PBXNativeTarget section */
		2DDF197C3040E2520022AC3D /* FAZAA */ = {
			isa = PBXNativeTarget;
			buildConfigurationList = 2DDF19A23040E2580022AC3D /* Build configuration list for PBXNativeTarget "FAZAA" */;
			buildPhases = (
				2DDF19793040E2520022AC3D /* Sources */,
				2DDF197A3040E2520022AC3D /* Frameworks */,
				2DDF197B3040E2520022AC3D /* Resources */,
			);
			buildRules = (
			);
			dependencies = (
			);
			name = FAZAA;
			packageProductDependencies = (
				2DCD640B3042B586008C3EDF /* FirebaseAuth */,
			);
			productName = FAZAA;
			productReference = 2DDF197D3040E2520022AC3D /* FAZAA.app */;
			productType = "com.apple.product-type.application";
		};
		2DDF198D3040E2580022AC3D /* FAZAATests */ = {
			isa = PBXNativeTarget;
			buildConfigurationList = 2DDF19A53040E2580022AC3D /* Build configuration list for PBXNativeTarget "FAZAATests" */;
			buildPhases = (
				2DDF198A3040E2580022AC3D /* Sources */,
				2DDF198B3040E2580022AC3D /* Frameworks */,
				2DDF198C3040E2580022AC3D /* Resources */,
			);
			buildRules = (
			);
			dependencies = (
				2DDF19903040E2580022AC3D /* PBXTargetDependency */,
			);
			name = FAZAATests;
			productName = FAZAATests;
			productReference = 2DDF198E3040E2580022AC3D /* FAZAATests.xctest */;
			productType = "com.apple.product-type.bundle.unit-test";
		};
		2DDF19973040E2580022AC3D /* FAZAAUITests */ = {
			isa = PBXNativeTarget;
			buildConfigurationList = 2DDF19A83040E2580022AC3D /* Build configuration list for PBXNativeTarget "FAZAAUITests" */;
			buildPhases = (
				2DDF19943040E2580022AC3D /* Sources */,
				2DDF19953040E2580022AC3D /* Frameworks */,
				2DDF19963040E2580022AC3D /* Resources */,
			);
			buildRules = (
			);
			dependencies = (
				2DDF199A3040E2580022AC3D /* PBXTargetDependency */,
			);
			name = FAZAAUITests;
			productName = FAZAAUITests;
			productReference = 2DDF19983040E2580022AC3D /* FAZAAUITests.xctest */;
			productType = "com.apple.product-type.bundle.ui-testing";
		};
/* End PBXNativeTarget section */

/* Begin PBXProject section */
		2DDF19753040E2520022AC3D /* Project object */ = {
			isa = PBXProject;
			attributes = {
				BuildIndependentTargetsInParallel = 1;
				LastSwiftUpdateCheck = 1420;
				LastUpgradeCheck = 1420;
				TargetAttributes = {
					2DDF197C3040E2520022AC3D = {
						CreatedOnToolsVersion = 14.2;
					};
					2DDF198D3040E2580022AC3D = {
						CreatedOnToolsVersion = 14.2;
						TestTargetID = 2DDF197C3040E2520022AC3D;
					};
					2DDF19973040E2580022AC3D = {
						CreatedOnToolsVersion = 14.2;
						TestTargetID = 2DDF197C3040E2520022AC3D;
					};
				};
			};
			buildConfigurationList = 2DDF19783040E2520022AC3D /* Build configuration list for PBXProject "FAZAA" */;
			compatibilityVersion = "Xcode 14.0";
			developmentRegion = en;
			hasScannedForEncodings = 0;
			knownRegions = (
				en,
				Base,
			);
			mainGroup = 2DDF19743040E2520022AC3D;
			packageReferences = (
				2DCD640A3042B586008C3EDF /* XCRemoteSwiftPackageReference "firebase-ios-sdk" */,
			);
			productRefGroup = 2DDF197E3040E2520022AC3D /* Products */;
			projectDirPath = "";
			projectRoot = "";
			targets = (
				2DDF197C3040E2520022AC3D /* FAZAA */,
				2DDF198D3040E2580022AC3D /* FAZAATests */,
				2DDF19973040E2580022AC3D /* FAZAAUITests */,
			);
		};
/* End PBXProject section */

/* Begin PBXResourcesBuildPhase section */
		2DDF197B3040E2520022AC3D /* Resources */ = {
			isa = PBXResourcesBuildPhase;
			buildActionMask = 2147483647;
			files = (
				2DDF19893040E2570022AC3D /* Preview Assets.xcassets in Resources */,
				2DDF19853040E2570022AC3D /* Assets.xcassets in Resources */,
				2DCD640E3042B9AC008C3EDF /* GoogleService-Info.plist in Resources */,
			);
			runOnlyForDeploymentPostprocessing = 0;
		};
		2DDF198C3040E2580022AC3D /* Resources */ = {
			isa = PBXResourcesBuildPhase;
			buildActionMask = 2147483647;
			files = (
			);
			runOnlyForDeploymentPostprocessing = 0;
		};
		2DDF19963040E2580022AC3D /* Resources */ = {
			isa = PBXResourcesBuildPhase;
			buildActionMask = 2147483647;
			files = (
			);
			runOnlyForDeploymentPostprocessing = 0;
		};
/* End PBXResourcesBuildPhase section */

/* Begin PBXSourcesBuildPhase section */
		2DDF19793040E2520022AC3D /* Sources */ = {
			isa = PBXSourcesBuildPhase;
			buildActionMask = 2147483647;
			files = (
				2DDF19E13040E37F0022AC3D /* HomeCard.swift in Sources */,
				2DDF19D33040E37F0022AC3D /* Pet.swift in Sources */,
				2DDF19E53040E37F0022AC3D /* VeterinarianDetailView.swift in Sources */,
				2DDF19D93040E37F0022AC3D /* ProfileView.swift in Sources */,
				2DDF19EA3040E37F0022AC3D /* PaymentService.swift in Sources */,
				2DDF19CF3040E37F0022AC3D /* VeterinaryProduct.swift in Sources */,
				2DDF19DD3040E37F0022AC3D /* BookConsultationView.swift in Sources */,
				2DDF19E93040E37F0022AC3D /* MockFazaaRepository.swift in Sources */,
				2DDF19E03040E37F0022AC3D /* RootView.swift in Sources */,
				2DDF19DE3040E37F0022AC3D /* AddPetView.swift in Sources */,
				2DCD64163042E6AB008C3EDF /* VerifyCodeView.swift in Sources */,
				2DDF19E63040E37F0022AC3D /* VeterinariansView.swift in Sources */,
				2DDF19DA3040E37F0022AC3D /* ConsultationsView.swift in Sources */,
				2DDF19E23040E37F0022AC3D /* InfoRow.swift in Sources */,
				2DDF19D03040E37F0022AC3D /* Veterinarian.swift in Sources */,
				2DDF19D73040E37F0022AC3D /* VaccinationsView.swift in Sources */,
				2DCD64113042C5EC008C3EDF /* AuthService.swift in Sources */,
				2DCD641B304315F2008C3EDF /* SwiftUIView2.swift in Sources */,
				2DDF19D63040E37F0022AC3D /* FazaaTheme.swift in Sources */,
				2DDF19DB3040E37F0022AC3D /* PharmaciesView.swift in Sources */,
				2DDF19D13040E37F0022AC3D /* Consultation.swift in Sources */,
				2DDF19D53040E37F0022AC3D /* VaccinationGuide.swift in Sources */,
				2DDF19D23040E37F0022AC3D /* VeterinaryCourse.swift in Sources */,
				2DDF19E43040E37F0022AC3D /* PetsView.swift in Sources */,
				2DDF19E33040E37F0022AC3D /* ProductDetailView.swift in Sources */,
				2DDF19813040E2520022AC3D /* FAZAAApp.swift in Sources */,
				2DDF19E73040E37F0022AC3D /* PetDetailView.swift in Sources */,
				2DDF19D43040E37F0022AC3D /* Pharmacy.swift in Sources */,
				2DDF19E83040E37F0022AC3D /* VeterinaryInformationView.swift in Sources */,
				2DDF19CE3040E37F0022AC3D /* FazaaVetApp.swift in Sources */,
				2DCD64193043156B008C3EDF /* SwiftUIView.swift in Sources */,
				2DDF19D83040E37F0022AC3D /* CoursesView.swift in Sources */,
				2DDF19DF3040E37F0022AC3D /* HomeView.swift in Sources */,
				2DCD64133042C6B0008C3EDF /* LoginView.swift in Sources */,
				D08710832AE38C46B5F56D6E /* EmergencyView.swift in Sources */,
				B018732ADD436C4189DFE816 /* PharmacyDetailView.swift in Sources */,
			);
			runOnlyForDeploymentPostprocessing = 0;
		};
		2DDF198A3040E2580022AC3D /* Sources */ = {
			isa = PBXSourcesBuildPhase;
			buildActionMask = 2147483647;
			files = (
				2DDF19933040E2580022AC3D /* FAZAATests.swift in Sources */,
			);
			runOnlyForDeploymentPostprocessing = 0;
		};
		2DDF19943040E2580022AC3D /* Sources */ = {
			isa = PBXSourcesBuildPhase;
			buildActionMask = 2147483647;
			files = (
				2DDF199F3040E2580022AC3D /* FAZAAUITestsLaunchTests.swift in Sources */,
				2DDF199D3040E2580022AC3D /* FAZAAUITests.swift in Sources */,
			);
			runOnlyForDeploymentPostprocessing = 0;
		};
/* End PBXSourcesBuildPhase section */

/* Begin PBXTargetDependency section */
		2DDF19903040E2580022AC3D /* PBXTargetDependency */ = {
			isa = PBXTargetDependency;
			target = 2DDF197C3040E2520022AC3D /* FAZAA */;
			targetProxy = 2DDF198F3040E2580022AC3D /* PBXContainerItemProxy */;
		};
		2DDF199A3040E2580022AC3D /* PBXTargetDependency */ = {
			isa = PBXTargetDependency;
			target = 2DDF197C3040E2520022AC3D /* FAZAA */;
			targetProxy = 2DDF19993040E2580022AC3D /* PBXContainerItemProxy */;
		};
/* End PBXTargetDependency section */

/* Begin XCBuildConfiguration section */
		2DDF19A03040E2580022AC3D /* Debug */ = {
			isa = XCBuildConfiguration;
			buildSettings = {
				ALWAYS_SEARCH_USER_PATHS = NO;
				CLANG_ANALYZER_NONNULL = YES;
				CLANG_ANALYZER_NUMBER_OBJECT_CONVERSION = YES_AGGRESSIVE;
				CLANG_CXX_LANGUAGE_STANDARD = "gnu++20";
				CLANG_ENABLE_MODULES = YES;
				CLANG_ENABLE_OBJC_ARC = YES;
				CLANG_ENABLE_OBJC_WEAK = YES;
				CLANG_WARN_BLOCK_CAPTURE_AUTORELEASING = YES;
				CLANG_WARN_BOOL_CONVERSION = YES;
				CLANG_WARN_COMMA = YES;
				CLANG_WARN_CONSTANT_CONVERSION = YES;
				CLANG_WARN_DEPRECATED_OBJC_IMPLEMENTATIONS = YES;
				CLANG_WARN_DIRECT_OBJC_ISA_USAGE = YES_ERROR;
				CLANG_WARN_DOCUMENTATION_COMMENTS = YES;
				CLANG_WARN_EMPTY_BODY = YES;
				CLANG_WARN_ENUM_CONVERSION = YES;
				CLANG_WARN_INFINITE_RECURSION = YES;
				CLANG_WARN_INT_CONVERSION = YES;
				CLANG_WARN_NON_LITERAL_NULL_CONVERSION = YES;
				CLANG_WARN_OBJC_IMPLICIT_RETAIN_SELF = YES;
				CLANG_WARN_OBJC_LITERAL_CONVERSION = YES;
				CLANG_WARN_OBJC_ROOT_CLASS = YES_ERROR;
				CLANG_WARN_QUOTED_INCLUDE_IN_FRAMEWORK_HEADER = YES;
				CLANG_WARN_RANGE_LOOP_ANALYSIS = YES;
				CLANG_WARN_STRICT_PROTOTYPES = YES;
				CLANG_WARN_SUSPICIOUS_MOVE = YES;
				CLANG_WARN_UNGUARDED_AVAILABILITY = YES_AGGRESSIVE;
				CLANG_WARN_UNREACHABLE_CODE = YES;
				CLANG_WARN__DUPLICATE_METHOD_MATCH = YES;
				COPY_PHASE_STRIP = NO;
				DEBUG_INFORMATION_FORMAT = dwarf;
				ENABLE_STRICT_OBJC_MSGSEND = YES;
				ENABLE_TESTABILITY = YES;
				GCC_C_LANGUAGE_STANDARD = gnu11;
				GCC_DYNAMIC_NO_PIC = NO;
				GCC_NO_COMMON_BLOCKS = YES;
				GCC_OPTIMIZATION_LEVEL = 0;
				GCC_PREPROCESSOR_DEFINITIONS = (
					"DEBUG=1",
					"$(inherited)",
				);
				GCC_WARN_64_TO_32_BIT_CONVERSION = YES;
				GCC_WARN_ABOUT_RETURN_TYPE = YES_ERROR;
				GCC_WARN_UNDECLARED_SELECTOR = YES;
				GCC_WARN_UNINITIALIZED_AUTOS = YES_AGGRESSIVE;
				GCC_WARN_UNUSED_FUNCTION = YES;
				GCC_WARN_UNUSED_VARIABLE = YES;
				MTL_ENABLE_DEBUG_INFO = INCLUDE_SOURCE;
				MTL_FAST_MATH = YES;
				ONLY_ACTIVE_ARCH = YES;
				SWIFT_ACTIVE_COMPILATION_CONDITIONS = DEBUG;
				SWIFT_OPTIMIZATION_LEVEL = "-Onone";
			};
			name = Debug;
		};
		2DDF19A13040E2580022AC3D /* Release */ = {
			isa = XCBuildConfiguration;
			buildSettings = {
				ALWAYS_SEARCH_USER_PATHS = NO;
				CLANG_ANALYZER_NONNULL = YES;
				CLANG_ANALYZER_NUMBER_OBJECT_CONVERSION = YES_AGGRESSIVE;
				CLANG_CXX_LANGUAGE_STANDARD = "gnu++20";
				CLANG_ENABLE_MODULES = YES;
				CLANG_ENABLE_OBJC_ARC = YES;
				CLANG_ENABLE_OBJC_WEAK = YES;
				CLANG_WARN_BLOCK_CAPTURE_AUTORELEASING = YES;
				CLANG_WARN_BOOL_CONVERSION = YES;
				CLANG_WARN_COMMA = YES;
				CLANG_WARN_CONSTANT_CONVERSION = YES;
				CLANG_WARN_DEPRECATED_OBJC_IMPLEMENTATIONS = YES;
				CLANG_WARN_DIRECT_OBJC_ISA_USAGE = YES_ERROR;
				CLANG_WARN_DOCUMENTATION_COMMENTS = YES;
				CLANG_WARN_EMPTY_BODY = YES;
				CLANG_WARN_ENUM_CONVERSION = YES;
				CLANG_WARN_INFINITE_RECURSION = YES;
				CLANG_WARN_INT_CONVERSION = YES;
				CLANG_WARN_NON_LITERAL_NULL_CONVERSION = YES;
				CLANG_WARN_OBJC_IMPLICIT_RETAIN_SELF = YES;
				CLANG_WARN_OBJC_LITERAL_CONVERSION = YES;
				CLANG_WARN_OBJC_ROOT_CLASS = YES_ERROR;
				CLANG_WARN_QUOTED_INCLUDE_IN_FRAMEWORK_HEADER = YES;
				CLANG_WARN_RANGE_LOOP_ANALYSIS = YES;
				CLANG_WARN_STRICT_PROTOTYPES = YES;
				CLANG_WARN_SUSPICIOUS_MOVE = YES;
				CLANG_WARN_UNGUARDED_AVAILABILITY = YES_AGGRESSIVE;
				CLANG_WARN_UNREACHABLE_CODE = YES;
				CLANG_WARN__DUPLICATE_METHOD_MATCH = YES;
				COPY_PHASE_STRIP = NO;
				DEBUG_INFORMATION_FORMAT = "dwarf-with-dsym";
				ENABLE_NS_ASSERTIONS = NO;
				ENABLE_STRICT_OBJC_MSGSEND = YES;
				GCC_C_LANGUAGE_STANDARD = gnu11;
				GCC_NO_COMMON_BLOCKS = YES;
				GCC_WARN_64_TO_32_BIT_CONVERSION = YES;
				GCC_WARN_ABOUT_RETURN_TYPE = YES_ERROR;
				GCC_WARN_UNDECLARED_SELECTOR = YES;
				GCC_WARN_UNINITIALIZED_AUTOS = YES_AGGRESSIVE;
				GCC_WARN_UNUSED_FUNCTION = YES;
				GCC_WARN_UNUSED_VARIABLE = YES;
				MTL_ENABLE_DEBUG_INFO = NO;
				MTL_FAST_MATH = YES;
				SWIFT_COMPILATION_MODE = wholemodule;
				SWIFT_OPTIMIZATION_LEVEL = "-O";
			};
			name = Release;
		};
		2DDF19A33040E2580022AC3D /* Debug */ = {
			isa = XCBuildConfiguration;
			buildSettings = {
				ASSETCATALOG_COMPILER_APPICON_NAME = AppIcon;
				ASSETCATALOG_COMPILER_GLOBAL_ACCENT_COLOR_NAME = AccentColor;
				CODE_SIGN_ENTITLEMENTS = FAZAA/FAZAA.entitlements;
				CODE_SIGN_STYLE = Automatic;
				CURRENT_PROJECT_VERSION = 1;
				DEVELOPMENT_ASSET_PATHS = "\"FAZAA/Preview Content\"";
				DEVELOPMENT_TEAM = NNA9CX5RY4;
				ENABLE_HARDENED_RUNTIME = YES;
				ENABLE_PREVIEWS = YES;
				GENERATE_INFOPLIST_FILE = YES;
				INFOPLIST_FILE = FAZAA/Info.plist;
				"INFOPLIST_KEY_UIApplicationSceneManifest_Generation[sdk=iphoneos*]" = YES;
				"INFOPLIST_KEY_UIApplicationSceneManifest_Generation[sdk=iphonesimulator*]" = YES;
				"INFOPLIST_KEY_UIApplicationSupportsIndirectInputEvents[sdk=iphoneos*]" = YES;
				"INFOPLIST_KEY_UIApplicationSupportsIndirectInputEvents[sdk=iphonesimulator*]" = YES;
				"INFOPLIST_KEY_UILaunchScreen_Generation[sdk=iphoneos*]" = YES;
				"INFOPLIST_KEY_UILaunchScreen_Generation[sdk=iphonesimulator*]" = YES;
				"INFOPLIST_KEY_UIStatusBarStyle[sdk=iphoneos*]" = UIStatusBarStyleDefault;
				"INFOPLIST_KEY_UIStatusBarStyle[sdk=iphonesimulator*]" = UIStatusBarStyleDefault;
				INFOPLIST_KEY_UISupportedInterfaceOrientations_iPad = "UIInterfaceOrientationPortrait UIInterfaceOrientationPortraitUpsideDown UIInterfaceOrientationLandscapeLeft UIInterfaceOrientationLandscapeRight";
				INFOPLIST_KEY_UISupportedInterfaceOrientations_iPhone = "UIInterfaceOrientationPortrait UIInterfaceOrientationLandscapeLeft UIInterfaceOrientationLandscapeRight";
				IPHONEOS_DEPLOYMENT_TARGET = 16.2;
				LD_RUNPATH_SEARCH_PATHS = "@executable_path/Frameworks";
				"LD_RUNPATH_SEARCH_PATHS[sdk=macosx*]" = "@executable_path/../Frameworks";
				MACOSX_DEPLOYMENT_TARGET = 13.1;
				MARKETING_VERSION = 1.0;
				PRODUCT_BUNDLE_IDENTIFIER = com.mohammed.fazaavet.FAZAA;
				PRODUCT_NAME = "$(TARGET_NAME)";
				SDKROOT = auto;
				SUPPORTED_PLATFORMS = "iphoneos iphonesimulator";
				SUPPORTS_MACCATALYST = NO;
				SUPPORTS_MAC_DESIGNED_FOR_IPHONE_IPAD = NO;
				SWIFT_EMIT_LOC_STRINGS = YES;
				SWIFT_VERSION = 5.0;
				TARGETED_DEVICE_FAMILY = "1,2";
			};
			name = Debug;
		};
		2DDF19A43040E2580022AC3D /* Release */ = {
			isa = XCBuildConfiguration;
			buildSettings = {
				ASSETCATALOG_COMPILER_APPICON_NAME = AppIcon;
				ASSETCATALOG_COMPILER_GLOBAL_ACCENT_COLOR_NAME = AccentColor;
				CODE_SIGN_ENTITLEMENTS = FAZAA/FAZAA.entitlements;
				CODE_SIGN_STYLE = Automatic;
				CURRENT_PROJECT_VERSION = 1;
				DEVELOPMENT_ASSET_PATHS = "\"FAZAA/Preview Content\"";
				DEVELOPMENT_TEAM = NNA9CX5RY4;
				ENABLE_HARDENED_RUNTIME = YES;
				ENABLE_PREVIEWS = YES;
				GENERATE_INFOPLIST_FILE = YES;
				INFOPLIST_FILE = FAZAA/Info.plist;
				"INFOPLIST_KEY_UIApplicationSceneManifest_Generation[sdk=iphoneos*]" = YES;
				"INFOPLIST_KEY_UIApplicationSceneManifest_Generation[sdk=iphonesimulator*]" = YES;
				"INFOPLIST_KEY_UIApplicationSupportsIndirectInputEvents[sdk=iphoneos*]" = YES;
				"INFOPLIST_KEY_UIApplicationSupportsIndirectInputEvents[sdk=iphonesimulator*]" = YES;
				"INFOPLIST_KEY_UILaunchScreen_Generation[sdk=iphoneos*]" = YES;
				"INFOPLIST_KEY_UILaunchScreen_Generation[sdk=iphonesimulator*]" = YES;
				"INFOPLIST_KEY_UIStatusBarStyle[sdk=iphoneos*]" = UIStatusBarStyleDefault;
				"INFOPLIST_KEY_UIStatusBarStyle[sdk=iphonesimulator*]" = UIStatusBarStyleDefault;
				INFOPLIST_KEY_UISupportedInterfaceOrientations_iPad = "UIInterfaceOrientationPortrait UIInterfaceOrientationPortraitUpsideDown UIInterfaceOrientationLandscapeLeft UIInterfaceOrientationLandscapeRight";
				INFOPLIST_KEY_UISupportedInterfaceOrientations_iPhone = "UIInterfaceOrientationPortrait UIInterfaceOrientationLandscapeLeft UIInterfaceOrientationLandscapeRight";
				IPHONEOS_DEPLOYMENT_TARGET = 16.2;
				LD_RUNPATH_SEARCH_PATHS = "@executable_path/Frameworks";
				"LD_RUNPATH_SEARCH_PATHS[sdk=macosx*]" = "@executable_path/../Frameworks";
				MACOSX_DEPLOYMENT_TARGET = 13.1;
				MARKETING_VERSION = 1.0;
				PRODUCT_BUNDLE_IDENTIFIER = com.mohammed.fazaavet.FAZAA;
				PRODUCT_NAME = "$(TARGET_NAME)";
				SDKROOT = auto;
				SUPPORTED_PLATFORMS = "iphoneos iphonesimulator";
				SUPPORTS_MACCATALYST = NO;
				SUPPORTS_MAC_DESIGNED_FOR_IPHONE_IPAD = NO;
				SWIFT_EMIT_LOC_STRINGS = YES;
				SWIFT_VERSION = 5.0;
				TARGETED_DEVICE_FAMILY = "1,2";
			};
			name = Release;
		};
		2DDF19A63040E2580022AC3D /* Debug */ = {
			isa = XCBuildConfiguration;
			buildSettings = {
				ALWAYS_EMBED_SWIFT_STANDARD_LIBRARIES = YES;
				BUNDLE_LOADER = "$(TEST_HOST)";
				CODE_SIGN_STYLE = Automatic;
				CURRENT_PROJECT_VERSION = 1;
				DEVELOPMENT_TEAM = NNA9CX5RY4;
				GENERATE_INFOPLIST_FILE = YES;
				IPHONEOS_DEPLOYMENT_TARGET = 16.2;
				MACOSX_DEPLOYMENT_TARGET = 12.7;
				MARKETING_VERSION = 1.0;
				PRODUCT_BUNDLE_IDENTIFIER = com.mohammed.fazaavet.FAZAATests;
				PRODUCT_NAME = "$(TARGET_NAME)";
				SDKROOT = auto;
				SUPPORTED_PLATFORMS = "iphoneos iphonesimulator macosx";
				SWIFT_EMIT_LOC_STRINGS = NO;
				SWIFT_VERSION = 5.0;
				TARGETED_DEVICE_FAMILY = "1,2";
				TEST_HOST = "$(BUILT_PRODUCTS_DIR)/FAZAA.app/$(BUNDLE_EXECUTABLE_FOLDER_PATH)/FAZAA";
			};
			name = Debug;
		};
		2DDF19A73040E2580022AC3D /* Release */ = {
			isa = XCBuildConfiguration;
			buildSettings = {
				ALWAYS_EMBED_SWIFT_STANDARD_LIBRARIES = YES;
				BUNDLE_LOADER = "$(TEST_HOST)";
				CODE_SIGN_STYLE = Automatic;
				CURRENT_PROJECT_VERSION = 1;
				DEVELOPMENT_TEAM = NNA9CX5RY4;
				GENERATE_INFOPLIST_FILE = YES;
				IPHONEOS_DEPLOYMENT_TARGET = 16.2;
				MACOSX_DEPLOYMENT_TARGET = 12.7;
				MARKETING_VERSION = 1.0;
				PRODUCT_BUNDLE_IDENTIFIER = com.mohammed.fazaavet.FAZAATests;
				PRODUCT_NAME = "$(TARGET_NAME)";
				SDKROOT = auto;
				SUPPORTED_PLATFORMS = "iphoneos iphonesimulator macosx";
				SWIFT_EMIT_LOC_STRINGS = NO;
				SWIFT_VERSION = 5.0;
				TARGETED_DEVICE_FAMILY = "1,2";
				TEST_HOST = "$(BUILT_PRODUCTS_DIR)/FAZAA.app/$(BUNDLE_EXECUTABLE_FOLDER_PATH)/FAZAA";
			};
			name = Release;
		};
		2DDF19A93040E2580022AC3D /* Debug */ = {
			isa = XCBuildConfiguration;
			buildSettings = {
				ALWAYS_EMBED_SWIFT_STANDARD_LIBRARIES = YES;
				CODE_SIGN_STYLE = Automatic;
				CURRENT_PROJECT_VERSION = 1;
				DEVELOPMENT_TEAM = NNA9CX5RY4;
				GENERATE_INFOPLIST_FILE = YES;
				IPHONEOS_DEPLOYMENT_TARGET = 16.2;
				MACOSX_DEPLOYMENT_TARGET = 12.7;
				MARKETING_VERSION = 1.0;
				PRODUCT_BUNDLE_IDENTIFIER = com.mohammed.fazaavet.FAZAAUITests;
				PRODUCT_NAME = "$(TARGET_NAME)";
				SDKROOT = auto;
				SUPPORTED_PLATFORMS = "iphoneos iphonesimulator macosx";
				SWIFT_EMIT_LOC_STRINGS = NO;
				SWIFT_VERSION = 5.0;
				TARGETED_DEVICE_FAMILY = "1,2";
				TEST_TARGET_NAME = FAZAA;
			};
			name = Debug;
		};
		2DDF19AA3040E2580022AC3D /* Release */ = {
			isa = XCBuildConfiguration;
			buildSettings = {
				ALWAYS_EMBED_SWIFT_STANDARD_LIBRARIES = YES;
				CODE_SIGN_STYLE = Automatic;
				CURRENT_PROJECT_VERSION = 1;
				DEVELOPMENT_TEAM = NNA9CX5RY4;
				GENERATE_INFOPLIST_FILE = YES;
				IPHONEOS_DEPLOYMENT_TARGET = 16.2;
				MACOSX_DEPLOYMENT_TARGET = 12.7;
				MARKETING_VERSION = 1.0;
				PRODUCT_BUNDLE_IDENTIFIER = com.mohammed.fazaavet.FAZAAUITests;
				PRODUCT_NAME = "$(TARGET_NAME)";
				SDKROOT = auto;
				SUPPORTED_PLATFORMS = "iphoneos iphonesimulator macosx";
				SWIFT_EMIT_LOC_STRINGS = NO;
				SWIFT_VERSION = 5.0;
				TARGETED_DEVICE_FAMILY = "1,2";
				TEST_TARGET_NAME = FAZAA;
			};
			name = Release;
		};
/* End XCBuildConfiguration section */

/* Begin XCConfigurationList section */
		2DDF19783040E2520022AC3D /* Build configuration list for PBXProject "FAZAA" */ = {
			isa = XCConfigurationList;
			buildConfigurations = (
				2DDF19A03040E2580022AC3D /* Debug */,
				2DDF19A13040E2580022AC3D /* Release */,
			);
			defaultConfigurationIsVisible = 0;
			defaultConfigurationName = Release;
		};
		2DDF19A23040E2580022AC3D /* Build configuration list for PBXNativeTarget "FAZAA" */ = {
			isa = XCConfigurationList;
			buildConfigurations = (
				2DDF19A33040E2580022AC3D /* Debug */,
				2DDF19A43040E2580022AC3D /* Release */,
			);
			defaultConfigurationIsVisible = 0;
			defaultConfigurationName = Release;
		};
		2DDF19A53040E2580022AC3D /* Build configuration list for PBXNativeTarget "FAZAATests" */ = {
			isa = XCConfigurationList;
			buildConfigurations = (
				2DDF19A63040E2580022AC3D /* Debug */,
				2DDF19A73040E2580022AC3D /* Release */,
			);
			defaultConfigurationIsVisible = 0;
			defaultConfigurationName = Release;
		};
		2DDF19A83040E2580022AC3D /* Build configuration list for PBXNativeTarget "FAZAAUITests" */ = {
			isa = XCConfigurationList;
			buildConfigurations = (
				2DDF19A93040E2580022AC3D /* Debug */,
				2DDF19AA3040E2580022AC3D /* Release */,
			);
			defaultConfigurationIsVisible = 0;
			defaultConfigurationName = Release;
		};
/* End XCConfigurationList section */

/* Begin XCRemoteSwiftPackageReference section */
		2DCD640A3042B586008C3EDF /* XCRemoteSwiftPackageReference "firebase-ios-sdk" */ = {
			isa = XCRemoteSwiftPackageReference;
			repositoryURL = "https://github.com/firebase/firebase-ios-sdk";
			requirement = {
				kind = upToNextMajorVersion;
				minimumVersion = 9.0.0;
			};
		};
/* End XCRemoteSwiftPackageReference section */

/* Begin XCSwiftPackageProductDependency section */
		2DCD640B3042B586008C3EDF /* FirebaseAuth */ = {
			isa = XCSwiftPackageProductDependency;
			package = 2DCD640A3042B586008C3EDF /* XCRemoteSwiftPackageReference "firebase-ios-sdk" */;
			productName = FirebaseAuth;
		};
/* End XCSwiftPackageProductDependency section */
	};
	rootObject = 2DDF19753040E2520022AC3D /* Project object */;
}
